
Microsoft Visual Studio Solution File, Format Version 12.00
# Visual Studio Version 17
VisualStudioVersion = 17.13.35828.75 d17.13
MinimumVisualStudioVersion = 10.0.40219.1
Project("{FAE04EC0-301F-11D3-BF4B-00C04F79EFBC}") = "WebShop", "WebShop\WebShop.csproj", "{C0156512-137E-43CC-9B05-0A3B717EDA1A}"
EndProject
Project("{FAE04EC0-301F-11D3-BF4B-00C04F79EFBC}") = "WebShop.ApplicationServices", "WebShop.ApplicationServices\WebShop.ApplicationServices.csproj", "{312D0189-9168-4067-8916-00D18016BB99}"
EndProject
Project("{FAE04EC0-301F-11D3-BF4B-00C04F79EFBC}") = "WebShop.Core", "WebShop.Core\WebShop.Core.csproj", "{365481A0-333E-4F05-869C-CE4C1117BE64}"
EndProject
Project("{FAE04EC0-301F-11D3-BF4B-00C04F79EFBC}") = "WebShop.Data", "WebShop.Data\WebShop.Data.csproj", "{2B293F58-CFCA-4803-8B6E-1C19CC6B9A80}"
EndProject
Global
	GlobalSection(SolutionConfigurationPlatforms) = preSolution
		Debug|Any CPU = Debug|Any CPU
		Release|Any CPU = Release|Any CPU
	EndGlobalSection
	GlobalSection(ProjectConfigurationPlatforms) = postSolution
		{C0156512-137E-43CC-9B05-0A3B717EDA1A}.Debug|Any CPU.ActiveCfg = Debug|Any CPU
		{C0156512-137E-43CC-9B05-0A3B717EDA1A}.Debug|Any CPU.Build.0 = Debug|Any CPU
		{C0156512-137E-43CC-9B05-0A3B717EDA1A}.Release|Any CPU.ActiveCfg = Release|Any CPU
		{C0156512-137E-43CC-9B05-0A3B717EDA1A}.Release|Any CPU.Build.0 = Release|Any CPU
		{312D0189-9168-4067-8916-00D18016BB99}.Debug|Any CPU.ActiveCfg = Debug|Any CPU
		{312D0189-9168-4067-8916-00D18016BB99}.Debug|Any CPU.Build.0 = Debug|Any CPU
		{312D0189-9168-4067-8916-00D18016BB99}.Release|Any CPU.ActiveCfg = Release|Any CPU
		{312D0189-9168-4067-8916-00D18016BB99}.Release|Any CPU.Build.0 = Release|Any CPU
		{365481A0-333E-4F05-869C-CE4C1117BE64}.Debug|Any CPU.ActiveCfg = Debug|Any CPU
		{365481A0-333E-4F05-869C-CE4C1117BE64}.Debug|Any CPU.Build.0 = Debug|Any CPU
		{365481A0-333E-4F05-869C-CE4C1117BE64}.Release|Any CPU.ActiveCfg = Release|Any CPU
		{365481A0-333E-4F05-869C-CE4C1117BE64}.Release|Any CPU.Build.0 = Release|Any CPU
		{2B293F58-CFCA-4803-8B6E-1C19CC6B9A80}.Debug|Any CPU.ActiveCfg = Debug|Any CPU
		{2B293F58-CFCA-4803-8B6E-1C19CC6B9A80}.Debug|Any CPU.Build.0 = Debug|Any CPU
		{2B293F58-CFCA-4803-8B6E-1C19CC6B9A80}.Release|Any CPU.ActiveCfg = Release|Any CPU
		{2B293F58-CFCA-4803-8B6E-1C19CC6B9A80}.Release|Any CPU.Build.0 = Release|Any CPU
	EndGlobalSection
	GlobalSection(SolutionProperties) = preSolution
		HideSolutionNode = FALSE
	EndGlobalSection
	GlobalSection(ExtensibilityGlobals) = postSolution
		SolutionGuid = {A8F9FC79-90A0-4695-A3DA-1BDEC259AEE7}
	EndGlobalSection
EndGlobal
